
Microsoft Visual Studio Solution File, Format Version 12.00
# Visual Studio Version 16
VisualStudioVersion = 16.0.29709.97
MinimumVisualStudioVersion = 10.0.40219.1
Project("{9A19103F-16F7-4668-BE54-9A1E7A4F7556}") = "ONEIRICSOLUTION", "ONEIRICSOLUTION.csproj", "{B05BBEFE-6341-4697-BA19-C02AC66BE14A}"
EndProject
Project("{FAE04EC0-301F-11D3-BF4B-00C04F79EFBC}") = "Oneiric.CoreSetup", "..\Oneiric.CoreSetup\Oneiric.CoreSetup.csproj", "{B259744B-CE02-4121-8A6B-24D1DCA1BC19}"
EndProject
Project("{FAE04EC0-301F-11D3-BF4B-00C04F79EFBC}") = "Oneiric.DataAccess", "..\Oneiric.DataAccess\Oneiric.DataAccess.csproj", "{F924E467-335B-4B2B-BE28-15AA397DFE2F}"
EndProject
Global
	GlobalSection(SolutionConfigurationPlatforms) = preSolution
		Debug|Any CPU = Debug|Any CPU
		Release|Any CPU = Release|Any CPU
	EndGlobalSection
	GlobalSection(ProjectConfigurationPlatforms) = postSolution
		{B05BBEFE-6341-4697-BA19-C02AC66BE14A}.Debug|Any CPU.ActiveCfg = Debug|Any CPU
		{B05BBEFE-6341-4697-BA19-C02AC66BE14A}.Debug|Any CPU.Build.0 = Debug|Any CPU
		{B05BBEFE-6341-4697-BA19-C02AC66BE14A}.Release|Any CPU.ActiveCfg = Release|Any CPU
		{B05BBEFE-6341-4697-BA19-C02AC66BE14A}.Release|Any CPU.Build.0 = Release|Any CPU
		{B259744B-CE02-4121-8A6B-24D1DCA1BC19}.Debug|Any CPU.ActiveCfg = Debug|Any CPU
		{B259744B-CE02-4121-8A6B-24D1DCA1BC19}.Debug|Any CPU.Build.0 = Debug|Any CPU
		{B259744B-CE02-4121-8A6B-24D1DCA1BC19}.Release|Any CPU.ActiveCfg = Release|Any CPU
		{B259744B-CE02-4121-8A6B-24D1DCA1BC19}.Release|Any CPU.Build.0 = Release|Any CPU
		{F924E467-335B-4B2B-BE28-15AA397DFE2F}.Debug|Any CPU.ActiveCfg = Debug|Any CPU
		{F924E467-335B-4B2B-BE28-15AA397DFE2F}.Debug|Any CPU.Build.0 = Debug|Any CPU
		{F924E467-335B-4B2B-BE28-15AA397DFE2F}.Release|Any CPU.ActiveCfg = Release|Any CPU
		{F924E467-335B-4B2B-BE28-15AA397DFE2F}.Release|Any CPU.Build.0 = Release|Any CPU
	EndGlobalSection
	GlobalSection(SolutionProperties) = preSolution
		HideSolutionNode = FALSE
	EndGlobalSection
	GlobalSection(ExtensibilityGlobals) = postSolution
		SolutionGuid = {3B4CA3D4-CF7D-46CE-9E46-8E21F48D3B75}
	EndGlobalSection
EndGlobal
